
Microsoft Visual Studio Solution File, Format Version 12.00
# Visual Studio 15
VisualStudioVersion = 15.0.26430.16
MinimumVisualStudioVersion = 10.0.40219.1
Project("{FAE04EC0-301F-11D3-BF4B-00C04F79EFBC}") = "Greetings", "Greetings\Greetings.csproj", "{BF8B4EB0-F6E3-4AF3-8C8C-79EE61339CC5}"
EndProject
Project("{FAE04EC0-301F-11D3-BF4B-00C04F79EFBC}") = "AddTwoNumbers", "AddTwoNumbers\AddTwoNumbers.csproj", "{ABE79902-3658-4C1D-B22C-856E0ED3495D}"
EndProject
Project("{FAE04EC0-301F-11D3-BF4B-00C04F79EFBC}") = "EmployeeData", "EmployeeData\EmployeeData.csproj", "{0B24C513-2845-4700-800A-9FAC5FA44700}"
EndProject
Project("{FAE04EC0-301F-11D3-BF4B-00C04F79EFBC}") = "DebitCardNumber", "DebitCardNumber\DebitCardNumber.csproj", "{1BC2AA09-8DCF-492E-82B2-673E55555B75}"
EndProject
Project("{FAE04EC0-301F-11D3-BF4B-00C04F79EFBC}") = "RectangleArea", "RectangleArea\RectangleArea.csproj", "{7DB28819-A8D9-47A6-9A86-5438B7939C00}"
EndProject
Project("{FAE04EC0-301F-11D3-BF4B-00C04F79EFBC}") = "MilesToKilometers", "MilesToKilometers\MilesToKilometers.csproj", "{4ACD9789-91BA-4CF2-AB61-2996DA8182ED}"
EndProject
Project("{FAE04EC0-301F-11D3-BF4B-00C04F79EFBC}") = "BeverageLabels", "BeverageLabels\BeverageLabels.csproj", "{3F09E091-282D-4040-81F8-85A118B27E9E}"
EndProject
Project("{FAE04EC0-301F-11D3-BF4B-00C04F79EFBC}") = "CharacterStats", "CharacterStats\CharacterStats.csproj", "{940C3D51-4617-4792-AFA6-4D2CEA7ECCCB}"
EndProject
Project("{FAE04EC0-301F-11D3-BF4B-00C04F79EFBC}") = "Passed", "Passed\Passed.csproj", "{BDD26F37-7AB2-4C15-B89F-D039F59857F8}"
EndProject
Project("{FAE04EC0-301F-11D3-BF4B-00C04F79EFBC}") = "PassedOrFailed", "PassedOrFailed\PassedOrFailed.csproj", "{671FB924-F666-4050-8702-20DC25BACE0A}"
EndProject
Project("{FAE04EC0-301F-11D3-BF4B-00C04F79EFBC}") = "BackIn30Minutes", "BackIn30Minutes\BackIn30Minutes.csproj", "{06C069C6-5395-4B63-9266-276200C7ABA9}"
EndProject
Project("{FAE04EC0-301F-11D3-BF4B-00C04F79EFBC}") = "MonthPrinter", "MonthPrinter\MonthPrinter.csproj", "{4BDABE1D-F8ED-468D-9228-8689D9E0BBB7}"
EndProject
Project("{FAE04EC0-301F-11D3-BF4B-00C04F79EFBC}") = "ForeignLanguages", "ForeignLanguages\ForeignLanguages.csproj", "{D902254B-A35B-4036-950A-CF5678343711}"
EndProject
Project("{FAE04EC0-301F-11D3-BF4B-00C04F79EFBC}") = "TheatrePromotions", "TheatrePromotions\TheatrePromotions.csproj", "{5BA202FF-8BCF-4797-B30C-836F28C7B95A}"
EndProject
Project("{FAE04EC0-301F-11D3-BF4B-00C04F79EFBC}") = "Divisibleby3", "Divisibleby3\Divisibleby3.csproj", "{DA9C4796-71A4-4123-8D59-B3164F9D5627}"
EndProject
Project("{FAE04EC0-301F-11D3-BF4B-00C04F79EFBC}") = "SumOfOddNumbers", "SumOfOddNumbers\SumOfOddNumbers.csproj", "{6BF81AA9-5918-40DC-96C8-C6BC2DE5A3F3}"
EndProject
Project("{FAE04EC0-301F-11D3-BF4B-00C04F79EFBC}") = "MultiplicationTable", "MultiplicationTable\MultiplicationTable.csproj", "{049E798F-604F-4A4F-9AB4-D01F75DA8FBC}"
EndProject
Project("{FAE04EC0-301F-11D3-BF4B-00C04F79EFBC}") = "MultiplicationTable2.0", "MultiplicationTable2.0\MultiplicationTable2.0.csproj", "{88D7AD3B-4427-4176-887F-9E79A8496166}"
EndProject
Project("{FAE04EC0-301F-11D3-BF4B-00C04F79EFBC}") = "OddNumber", "OddNumber\OddNumber.csproj", "{4B96E24D-9435-4D83-A561-4EB7238D759E}"
EndProject
Project("{FAE04EC0-301F-11D3-BF4B-00C04F79EFBC}") = "NumberChecker", "NumberChecker\NumberChecker.csproj", "{233C1F62-E600-494D-8E63-D2383BCF2FF1}"
EndProject
Project("{FAE04EC0-301F-11D3-BF4B-00C04F79EFBC}") = "ChooseADrink", "ChooseADrink\ChooseADrink.csproj", "{59E5303A-DBFB-4EDE-880F-CA0BA29FDAD3}"
EndProject
Project("{FAE04EC0-301F-11D3-BF4B-00C04F79EFBC}") = "ChooseADrink2.0", "ChooseADrink2.0\ChooseADrink2.0.csproj", "{8C5A6732-F8A9-4060-90B4-BC3ECC951400}"
EndProject
Project("{FAE04EC0-301F-11D3-BF4B-00C04F79EFBC}") = "RestaurantDiscount", "RestaurantDiscount\RestaurantDiscount.csproj", "{1586392F-EF5E-46DF-BCBF-B923E671571B}"
EndProject
Project("{FAE04EC0-301F-11D3-BF4B-00C04F79EFBC}") = "Hotel", "Hotel\Hotel.csproj", "{6AB68BC9-E9DC-4441-AFFB-534C877D503C}"
EndProject
Project("{FAE04EC0-301F-11D3-BF4B-00C04F79EFBC}") = "WordInPlural", "WordInPlural\WordInPlural.csproj", "{7262B574-E804-406A-A336-0A234E7D0FAA}"
EndProject
Project("{FAE04EC0-301F-11D3-BF4B-00C04F79EFBC}") = "IntervalOfNumbers", "IntervalOfNumbers\IntervalOfNumbers.csproj", "{028EC721-C907-4D7E-95EF-52483E6C6FC2}"
EndProject
Project("{FAE04EC0-301F-11D3-BF4B-00C04F79EFBC}") = "CakeIngredients", "CakeIngredients\CakeIngredients.csproj", "{D0C9358F-AEBB-4708-BD84-9F01A90555D5}"
EndProject
Project("{FAE04EC0-301F-11D3-BF4B-00C04F79EFBC}") = "CaloriesCounter", "CaloriesCounter\CaloriesCounter.csproj", "{F0EE3035-5E37-43F3-B1B9-2EF08B54D612}"
EndProject
Project("{FAE04EC0-301F-11D3-BF4B-00C04F79EFBC}") = "CountTheIntegers", "CountTheIntegers\CountTheIntegers.csproj", "{12582C95-2615-4EF4-9593-8A83427C1F9C}"
EndProject
Project("{FAE04EC0-301F-11D3-BF4B-00C04F79EFBC}") = "TriangleOfNumbers", "TriangleOfNumbers\TriangleOfNumbers.csproj", "{8CE89060-5D2F-4B02-9AB7-6C3499ACC1FA}"
EndProject
Project("{FAE04EC0-301F-11D3-BF4B-00C04F79EFBC}") = "5DifferentNumbers", "5DifferentNumbers\5DifferentNumbers.csproj", "{1A9E286E-7718-40AF-B342-B80E5891D4C7}"
EndProject
Project("{FAE04EC0-301F-11D3-BF4B-00C04F79EFBC}") = "TestNumbers", "TestNumbers\TestNumbers.csproj", "{79672B1E-E683-4722-AB44-F5584EF75D85}"
EndProject
Project("{FAE04EC0-301F-11D3-BF4B-00C04F79EFBC}") = "GameOfNumbers", "GameOfNumbers\GameOfNumbers.csproj", "{3EB0D959-CE40-48D4-AD9A-8BFE93746F8E}"
EndProject
Project("{FAE04EC0-301F-11D3-BF4B-00C04F79EFBC}") = "MagicLetter", "MagicLetter\MagicLetter.csproj", "{78E70F02-3EB5-440B-A09D-2213086571AD}"
EndProject
Project("{FAE04EC0-301F-11D3-BF4B-00C04F79EFBC}") = "NeighbourWars", "NeighbourWars\NeighbourWars.csproj", "{8F149C25-3AA9-4DE1-8B6B-14D497DD4B0C}"
EndProject
Project("{FAE04EC0-301F-11D3-BF4B-00C04F79EFBC}") = "SumArrayElements", "SumArrayElements\SumArrayElements.csproj", "{498CC4EA-7DC4-4673-BEA5-25DCF20E1DF2}"
EndProject
Project("{FAE04EC0-301F-11D3-BF4B-00C04F79EFBC}") = "MultiplyAnArrayOfDoubles", "MultiplyAnArrayOfDoubles\MultiplyAnArrayOfDoubles.csproj", "{E40AB2DC-D77C-4662-A1A3-5711FC586B78}"
EndProject
Project("{FAE04EC0-301F-11D3-BF4B-00C04F79EFBC}") = "SmallestElementInArray", "SmallestElementInArray\SmallestElementInArray.csproj", "{B193B687-A192-49D7-B195-BAE98E8EC87B}"
EndProject
Project("{FAE04EC0-301F-11D3-BF4B-00C04F79EFBC}") = "RotateArrayOfStrings", "RotateArrayf Strings\RotateArrayOfStrings.csproj", "{59CC8DCE-62EC-49B2-B071-822A4E1BE828}"
EndProject
Project("{FAE04EC0-301F-11D3-BF4B-00C04F79EFBC}") = "CountOfOddNumbersInArray", "CountOfOddNumbersInArray\CountOfOddNumbersInArray.csproj", "{322A6FBD-0D73-4BC3-9403-A7CC15E3F6AB}"
EndProject
Project("{FAE04EC0-301F-11D3-BF4B-00C04F79EFBC}") = "OddNumbersAtOddPositions", "OddNumbersAtOddPositions\OddNumbersAtOddPositions.csproj", "{75245BF8-F7E5-404D-9C9B-FD848BE0FFEF}"
EndProject
Project("{FAE04EC0-301F-11D3-BF4B-00C04F79EFBC}") = "HelloName", "HelloName\HelloName.csproj", "{EF78E52A-04D4-4FA1-815D-EB9CDE345C0D}"
EndProject
Project("{FAE04EC0-301F-11D3-BF4B-00C04F79EFBC}") = "MinMethod", "MinMethod\MinMethod.csproj", "{886EBA2D-5B12-4EAA-8C25-F3882B3C2BE4}"
EndProject
Project("{FAE04EC0-301F-11D3-BF4B-00C04F79EFBC}") = "StringRepeater", "StringRepeater\StringRepeater.csproj", "{176F3CB4-16EC-4A83-B2F4-75F95F775F24}"
EndProject
Project("{FAE04EC0-301F-11D3-BF4B-00C04F79EFBC}") = "NthDigit", "NthDigit\NthDigit.csproj", "{6C84874C-9BAD-409B-AD9D-AE5BB3B0E9F2}"
EndProject
Project("{FAE04EC0-301F-11D3-BF4B-00C04F79EFBC}") = "IntegerToBase", "IntegerToBase\IntegerToBase.csproj", "{4514D443-26DE-41DC-97ED-A76C6A67007C}"
EndProject
Project("{FAE04EC0-301F-11D3-BF4B-00C04F79EFBC}") = "Notifications", "Notifications\Notifications.csproj", "{E44FE5C4-2B4D-4D85-A478-021603765C4D}"
EndProject
Project("{FAE04EC0-301F-11D3-BF4B-00C04F79EFBC}") = "NumbersToWords", "NumbersToWords\NumbersToWords.csproj", "{08D0A7EE-2CB9-423D-B465-EDDA2D5B15BE}"
EndProject
Project("{FAE04EC0-301F-11D3-BF4B-00C04F79EFBC}") = "StringEncryption", "StringEncryption\StringEncryption.csproj", "{3A89D9C3-CFAB-427A-8F5D-E1C3FFE57CB3}"
EndProject
Project("{FAE04EC0-301F-11D3-BF4B-00C04F79EFBC}") = "LargestElementInArray", "LargestElementInArray\LargestElementInArray.csproj", "{6C7FDAA4-641E-436E-BA43-5575400ECF79}"
EndProject
Project("{FAE04EC0-301F-11D3-BF4B-00C04F79EFBC}") = "CountOfNegativeElementsInArray", "CountOfNegativeElementsInArray\CountOfNegativeElementsInArray.csproj", "{38586BFD-8BEF-4CF7-B702-394FF31DA8A0}"
EndProject
Project("{FAE04EC0-301F-11D3-BF4B-00C04F79EFBC}") = "CountOfGivenElementsInArray", "CountOfGivenElementsInArray\CountOfGivenElementsInArray.csproj", "{2A352AF1-201D-45DB-95CD-ED99B9FDA78A}"
EndProject
Project("{FAE04EC0-301F-11D3-BF4B-00C04F79EFBC}") = "CountOccurrencesOfLargerNumsInArray", "CountOccurrencesOfLargerNumsInArray\CountOccurrencesOfLargerNumsInArray.csproj", "{2EE2BE64-9DB2-4330-8D43-7946234FED58}"
EndProject
Project("{FAE04EC0-301F-11D3-BF4B-00C04F79EFBC}") = "IncreasingSeqeuenceOfElements", "IncreasingSeqeuenceOfElements\IncreasingSeqeuenceOfElements.csproj", "{C37CCAC0-C3E2-4844-A1A6-7EECE20F0129}"
EndProject
Project("{FAE04EC0-301F-11D3-BF4B-00C04F79EFBC}") = "EqualSequenceOfElementsInArray", "EqualSequenceOfElementsInArray\EqualSequenceOfElementsInArray.csproj", "{744F200B-5DF6-4228-98CC-1B782B344F89}"
EndProject
Project("{FAE04EC0-301F-11D3-BF4B-00C04F79EFBC}") = "CountOfCapitalLettersInArray", "CountOfCapitalLettersInArray\CountOfCapitalLettersInArray.csproj", "{EFB891B7-C1C8-4039-A1B6-A2A4669A3CB2}"
EndProject
Project("{FAE04EC0-301F-11D3-BF4B-00C04F79EFBC}") = "ArraySymmetry", "ArraySymmetry\ArraySymmetry.csproj", "{AAF29BB1-E4F0-4160-8BB5-6801F5D42BCA}"
EndProject
Project("{FAE04EC0-301F-11D3-BF4B-00C04F79EFBC}") = "Altitude", "Altitude\Altitude.csproj", "{E681289C-913F-463B-8C76-8D6B57D2C19B}"
EndProject
Project("{FAE04EC0-301F-11D3-BF4B-00C04F79EFBC}") = "BallisticsTraining", "BallisticsTraining\BallisticsTraining.csproj", "{3ED922FD-1700-4FC1-806E-C1F823B06A69}"
EndProject
Project("{FAE04EC0-301F-11D3-BF4B-00C04F79EFBC}") = "DebuggingTrickyStrings", "DebuggingTrickyStrings\DebuggingTrickyStrings.csproj", "{261329C1-697F-400A-8097-5B498793B7E3}"
EndProject
Project("{FAE04EC0-301F-11D3-BF4B-00C04F79EFBC}") = "DebuggingTriangleFormations", "DebuggingTriangleFormations\DebuggingTriangleFormations.csproj", "{167F52DF-5E91-45B4-B336-47F0C1E0663A}"
EndProject
Project("{FAE04EC0-301F-11D3-BF4B-00C04F79EFBC}") = "DebuggingTetris", "DebuggingTetris\DebuggingTetris.csproj", "{6221862E-8510-47FF-9E3A-DEC49928F675}"
EndProject
Project("{FAE04EC0-301F-11D3-BF4B-00C04F79EFBC}") = "DebuggingMiningCoins", "DebuggingMiningCoins\DebuggingMiningCoins.csproj", "{C05F28A6-E640-48F9-BD0A-E1571CFFD12F}"
EndProject
Project("{FAE04EC0-301F-11D3-BF4B-00C04F79EFBC}") = "Last3ConsecutiveEqualStrings", "Last3ConsecutiveEqualStrings\Last3ConsecutiveEqualStrings.csproj", "{68018B0C-1CA2-4B95-B7E1-8D1E74CCD0D6}"
EndProject
Project("{FAE04EC0-301F-11D3-BF4B-00C04F79EFBC}") = "ArrayElementsEqualToTheirIndex", "ArrayElementsEqualToTheirIndex\ArrayElementsEqualToTheirIndex.csproj", "{CB64D50F-372F-48CF-BBB4-FDA7B01092D8}"
EndProject
Project("{FAE04EC0-301F-11D3-BF4B-00C04F79EFBC}") = "Phonebook", "Phonebook\Phonebook.csproj", "{510EFFAF-986F-47D9-8E7C-9EEA7D41B379}"
EndProject
Global
	GlobalSection(SolutionConfigurationPlatforms) = preSolution
		Debug|Any CPU = Debug|Any CPU
		Release|Any CPU = Release|Any CPU
	EndGlobalSection
	GlobalSection(ProjectConfigurationPlatforms) = postSolution
		{BF8B4EB0-F6E3-4AF3-8C8C-79EE61339CC5}.Debug|Any CPU.ActiveCfg = Debug|Any CPU
		{BF8B4EB0-F6E3-4AF3-8C8C-79EE61339CC5}.Debug|Any CPU.Build.0 = Debug|Any CPU
		{BF8B4EB0-F6E3-4AF3-8C8C-79EE61339CC5}.Release|Any CPU.ActiveCfg = Release|Any CPU
		{BF8B4EB0-F6E3-4AF3-8C8C-79EE61339CC5}.Release|Any CPU.Build.0 = Release|Any CPU
		{ABE79902-3658-4C1D-B22C-856E0ED3495D}.Debug|Any CPU.ActiveCfg = Debug|Any CPU
		{ABE79902-3658-4C1D-B22C-856E0ED3495D}.Debug|Any CPU.Build.0 = Debug|Any CPU
		{ABE79902-3658-4C1D-B22C-856E0ED3495D}.Release|Any CPU.ActiveCfg = Release|Any CPU
		{ABE79902-3658-4C1D-B22C-856E0ED3495D}.Release|Any CPU.Build.0 = Release|Any CPU
		{0B24C513-2845-4700-800A-9FAC5FA44700}.Debug|Any CPU.ActiveCfg = Debug|Any CPU
		{0B24C513-2845-4700-800A-9FAC5FA44700}.Debug|Any CPU.Build.0 = Debug|Any CPU
		{0B24C513-2845-4700-800A-9FAC5FA44700}.Release|Any CPU.ActiveCfg = Release|Any CPU
		{0B24C513-2845-4700-800A-9FAC5FA44700}.Release|Any CPU.Build.0 = Release|Any CPU
		{1BC2AA09-8DCF-492E-82B2-673E55555B75}.Debug|Any CPU.ActiveCfg = Debug|Any CPU
		{1BC2AA09-8DCF-492E-82B2-673E55555B75}.Debug|Any CPU.Build.0 = Debug|Any CPU
		{1BC2AA09-8DCF-492E-82B2-673E55555B75}.Release|Any CPU.ActiveCfg = Release|Any CPU
		{1BC2AA09-8DCF-492E-82B2-673E55555B75}.Release|Any CPU.Build.0 = Release|Any CPU
		{7DB28819-A8D9-47A6-9A86-5438B7939C00}.Debug|Any CPU.ActiveCfg = Debug|Any CPU
		{7DB28819-A8D9-47A6-9A86-5438B7939C00}.Debug|Any CPU.Build.0 = Debug|Any CPU
		{7DB28819-A8D9-47A6-9A86-5438B7939C00}.Release|Any CPU.ActiveCfg = Release|Any CPU
		{7DB28819-A8D9-47A6-9A86-5438B7939C00}.Release|Any CPU.Build.0 = Release|Any CPU
		{4ACD9789-91BA-4CF2-AB61-2996DA8182ED}.Debug|Any CPU.ActiveCfg = Debug|Any CPU
		{4ACD9789-91BA-4CF2-AB61-2996DA8182ED}.Debug|Any CPU.Build.0 = Debug|Any CPU
		{4ACD9789-91BA-4CF2-AB61-2996DA8182ED}.Release|Any CPU.ActiveCfg = Release|Any CPU
		{4ACD9789-91BA-4CF2-AB61-2996DA8182ED}.Release|Any CPU.Build.0 = Release|Any CPU
		{3F09E091-282D-4040-81F8-85A118B27E9E}.Debug|Any CPU.ActiveCfg = Debug|Any CPU
		{3F09E091-282D-4040-81F8-85A118B27E9E}.Debug|Any CPU.Build.0 = Debug|Any CPU
		{3F09E091-282D-4040-81F8-85A118B27E9E}.Release|Any CPU.ActiveCfg = Release|Any CPU
		{3F09E091-282D-4040-81F8-85A118B27E9E}.Release|Any CPU.Build.0 = Release|Any CPU
		{940C3D51-4617-4792-AFA6-4D2CEA7ECCCB}.Debug|Any CPU.ActiveCfg = Debug|Any CPU
		{940C3D51-4617-4792-AFA6-4D2CEA7ECCCB}.Debug|Any CPU.Build.0 = Debug|Any CPU
		{940C3D51-4617-4792-AFA6-4D2CEA7ECCCB}.Release|Any CPU.ActiveCfg = Release|Any CPU
		{940C3D51-4617-4792-AFA6-4D2CEA7ECCCB}.Release|Any CPU.Build.0 = Release|Any CPU
		{BDD26F37-7AB2-4C15-B89F-D039F59857F8}.Debug|Any CPU.ActiveCfg = Debug|Any CPU
		{BDD26F37-7AB2-4C15-B89F-D039F59857F8}.Debug|Any CPU.Build.0 = Debug|Any CPU
		{BDD26F37-7AB2-4C15-B89F-D039F59857F8}.Release|Any CPU.ActiveCfg = Release|Any CPU
		{BDD26F37-7AB2-4C15-B89F-D039F59857F8}.Release|Any CPU.Build.0 = Release|Any CPU
		{671FB924-F666-4050-8702-20DC25BACE0A}.Debug|Any CPU.ActiveCfg = Debug|Any CPU
		{671FB924-F666-4050-8702-20DC25BACE0A}.Debug|Any CPU.Build.0 = Debug|Any CPU
		{671FB924-F666-4050-8702-20DC25BACE0A}.Release|Any CPU.ActiveCfg = Release|Any CPU
		{671FB924-F666-4050-8702-20DC25BACE0A}.Release|Any CPU.Build.0 = Release|Any CPU
		{06C069C6-5395-4B63-9266-276200C7ABA9}.Debug|Any CPU.ActiveCfg = Debug|Any CPU
		{06C069C6-5395-4B63-9266-276200C7ABA9}.Debug|Any CPU.Build.0 = Debug|Any CPU
		{06C069C6-5395-4B63-9266-276200C7ABA9}.Release|Any CPU.ActiveCfg = Release|Any CPU
		{06C069C6-5395-4B63-9266-276200C7ABA9}.Release|Any CPU.Build.0 = Release|Any CPU
		{4BDABE1D-F8ED-468D-9228-8689D9E0BBB7}.Debug|Any CPU.ActiveCfg = Debug|Any CPU
		{4BDABE1D-F8ED-468D-9228-8689D9E0BBB7}.Debug|Any CPU.Build.0 = Debug|Any CPU
		{4BDABE1D-F8ED-468D-9228-8689D9E0BBB7}.Release|Any CPU.ActiveCfg = Release|Any CPU
		{4BDABE1D-F8ED-468D-9228-8689D9E0BBB7}.Release|Any CPU.Build.0 = Release|Any CPU
		{D902254B-A35B-4036-950A-CF5678343711}.Debug|Any CPU.ActiveCfg = Debug|Any CPU
		{D902254B-A35B-4036-950A-CF5678343711}.Debug|Any CPU.Build.0 = Debug|Any CPU
		{D902254B-A35B-4036-950A-CF5678343711}.Release|Any CPU.ActiveCfg = Release|Any CPU
		{D902254B-A35B-4036-950A-CF5678343711}.Release|Any CPU.Build.0 = Release|Any CPU
		{5BA202FF-8BCF-4797-B30C-836F28C7B95A}.Debug|Any CPU.ActiveCfg = Debug|Any CPU
		{5BA202FF-8BCF-4797-B30C-836F28C7B95A}.Debug|Any CPU.Build.0 = Debug|Any CPU
		{5BA202FF-8BCF-4797-B30C-836F28C7B95A}.Release|Any CPU.ActiveCfg = Release|Any CPU
		{5BA202FF-8BCF-4797-B30C-836F28C7B95A}.Release|Any CPU.Build.0 = Release|Any CPU
		{DA9C4796-71A4-4123-8D59-B3164F9D5627}.Debug|Any CPU.ActiveCfg = Debug|Any CPU
		{DA9C4796-71A4-4123-8D59-B3164F9D5627}.Debug|Any CPU.Build.0 = Debug|Any CPU
		{DA9C4796-71A4-4123-8D59-B3164F9D5627}.Release|Any CPU.ActiveCfg = Release|Any CPU
		{DA9C4796-71A4-4123-8D59-B3164F9D5627}.Release|Any CPU.Build.0 = Release|Any CPU
		{6BF81AA9-5918-40DC-96C8-C6BC2DE5A3F3}.Debug|Any CPU.ActiveCfg = Debug|Any CPU
		{6BF81AA9-5918-40DC-96C8-C6BC2DE5A3F3}.Debug|Any CPU.Build.0 = Debug|Any CPU
		{6BF81AA9-5918-40DC-96C8-C6BC2DE5A3F3}.Release|Any CPU.ActiveCfg = Release|Any CPU
		{6BF81AA9-5918-40DC-96C8-C6BC2DE5A3F3}.Release|Any CPU.Build.0 = Release|Any CPU
		{049E798F-604F-4A4F-9AB4-D01F75DA8FBC}.Debug|Any CPU.ActiveCfg = Debug|Any CPU
		{049E798F-604F-4A4F-9AB4-D01F75DA8FBC}.Debug|Any CPU.Build.0 = Debug|Any CPU
		{049E798F-604F-4A4F-9AB4-D01F75DA8FBC}.Release|Any CPU.ActiveCfg = Release|Any CPU
		{049E798F-604F-4A4F-9AB4-D01F75DA8FBC}.Release|Any CPU.Build.0 = Release|Any CPU
		{88D7AD3B-4427-4176-887F-9E79A8496166}.Debug|Any CPU.ActiveCfg = Debug|Any CPU
		{88D7AD3B-4427-4176-887F-9E79A8496166}.Debug|Any CPU.Build.0 = Debug|Any CPU
		{88D7AD3B-4427-4176-887F-9E79A8496166}.Release|Any CPU.ActiveCfg = Release|Any CPU
		{88D7AD3B-4427-4176-887F-9E79A8496166}.Release|Any CPU.Build.0 = Release|Any CPU
		{4B96E24D-9435-4D83-A561-4EB7238D759E}.Debug|Any CPU.ActiveCfg = Debug|Any CPU
		{4B96E24D-9435-4D83-A561-4EB7238D759E}.Debug|Any CPU.Build.0 = Debug|Any CPU
		{4B96E24D-9435-4D83-A561-4EB7238D759E}.Release|Any CPU.ActiveCfg = Release|Any CPU
		{4B96E24D-9435-4D83-A561-4EB7238D759E}.Release|Any CPU.Build.0 = Release|Any CPU
		{233C1F62-E600-494D-8E63-D2383BCF2FF1}.Debug|Any CPU.ActiveCfg = Debug|Any CPU
		{233C1F62-E600-494D-8E63-D2383BCF2FF1}.Debug|Any CPU.Build.0 = Debug|Any CPU
		{233C1F62-E600-494D-8E63-D2383BCF2FF1}.Release|Any CPU.ActiveCfg = Release|Any CPU
		{233C1F62-E600-494D-8E63-D2383BCF2FF1}.Release|Any CPU.Build.0 = Release|Any CPU
		{59E5303A-DBFB-4EDE-880F-CA0BA29FDAD3}.Debug|Any CPU.ActiveCfg = Debug|Any CPU
		{59E5303A-DBFB-4EDE-880F-CA0BA29FDAD3}.Debug|Any CPU.Build.0 = Debug|Any CPU
		{59E5303A-DBFB-4EDE-880F-CA0BA29FDAD3}.Release|Any CPU.ActiveCfg = Release|Any CPU
		{59E5303A-DBFB-4EDE-880F-CA0BA29FDAD3}.Release|Any CPU.Build.0 = Release|Any CPU
		{8C5A6732-F8A9-4060-90B4-BC3ECC951400}.Debug|Any CPU.ActiveCfg = Debug|Any CPU
		{8C5A6732-F8A9-4060-90B4-BC3ECC951400}.Debug|Any CPU.Build.0 = Debug|Any CPU
		{8C5A6732-F8A9-4060-90B4-BC3ECC951400}.Release|Any CPU.ActiveCfg = Release|Any CPU
		{8C5A6732-F8A9-4060-90B4-BC3ECC951400}.Release|Any CPU.Build.0 = Release|Any CPU
		{1586392F-EF5E-46DF-BCBF-B923E671571B}.Debug|Any CPU.ActiveCfg = Debug|Any CPU
		{1586392F-EF5E-46DF-BCBF-B923E671571B}.Debug|Any CPU.Build.0 = Debug|Any CPU
		{1586392F-EF5E-46DF-BCBF-B923E671571B}.Release|Any CPU.ActiveCfg = Release|Any CPU
		{1586392F-EF5E-46DF-BCBF-B923E671571B}.Release|Any CPU.Build.0 = Release|Any CPU
		{6AB68BC9-E9DC-4441-AFFB-534C877D503C}.Debug|Any CPU.ActiveCfg = Debug|Any CPU
		{6AB68BC9-E9DC-4441-AFFB-534C877D503C}.Debug|Any CPU.Build.0 = Debug|Any CPU
		{6AB68BC9-E9DC-4441-AFFB-534C877D503C}.Release|Any CPU.ActiveCfg = Release|Any CPU
		{6AB68BC9-E9DC-4441-AFFB-534C877D503C}.Release|Any CPU.Build.0 = Release|Any CPU
		{7262B574-E804-406A-A336-0A234E7D0FAA}.Debug|Any CPU.ActiveCfg = Debug|Any CPU
		{7262B574-E804-406A-A336-0A234E7D0FAA}.Debug|Any CPU.Build.0 = Debug|Any CPU
		{7262B574-E804-406A-A336-0A234E7D0FAA}.Release|Any CPU.ActiveCfg = Release|Any CPU
		{7262B574-E804-406A-A336-0A234E7D0FAA}.Release|Any CPU.Build.0 = Release|Any CPU
		{028EC721-C907-4D7E-95EF-52483E6C6FC2}.Debug|Any CPU.ActiveCfg = Debug|Any CPU
		{028EC721-C907-4D7E-95EF-52483E6C6FC2}.Debug|Any CPU.Build.0 = Debug|Any CPU
		{028EC721-C907-4D7E-95EF-52483E6C6FC2}.Release|Any CPU.ActiveCfg = Release|Any CPU
		{028EC721-C907-4D7E-95EF-52483E6C6FC2}.Release|Any CPU.Build.0 = Release|Any CPU
		{D0C9358F-AEBB-4708-BD84-9F01A90555D5}.Debug|Any CPU.ActiveCfg = Debug|Any CPU
		{D0C9358F-AEBB-4708-BD84-9F01A90555D5}.Debug|Any CPU.Build.0 = Debug|Any CPU
		{D0C9358F-AEBB-4708-BD84-9F01A90555D5}.Release|Any CPU.ActiveCfg = Release|Any CPU
		{D0C9358F-AEBB-4708-BD84-9F01A90555D5}.Release|Any CPU.Build.0 = Release|Any CPU
		{F0EE3035-5E37-43F3-B1B9-2EF08B54D612}.Debug|Any CPU.ActiveCfg = Debug|Any CPU
		{F0EE3035-5E37-43F3-B1B9-2EF08B54D612}.Debug|Any CPU.Build.0 = Debug|Any CPU
		{F0EE3035-5E37-43F3-B1B9-2EF08B54D612}.Release|Any CPU.ActiveCfg = Release|Any CPU
		{F0EE3035-5E37-43F3-B1B9-2EF08B54D612}.Release|Any CPU.Build.0 = Release|Any CPU
		{12582C95-2615-4EF4-9593-8A83427C1F9C}.Debug|Any CPU.ActiveCfg = Debug|Any CPU
		{12582C95-2615-4EF4-9593-8A83427C1F9C}.Debug|Any CPU.Build.0 = Debug|Any CPU
		{12582C95-2615-4EF4-9593-8A83427C1F9C}.Release|Any CPU.ActiveCfg = Release|Any CPU
		{12582C95-2615-4EF4-9593-8A83427C1F9C}.Release|Any CPU.Build.0 = Release|Any CPU
		{8CE89060-5D2F-4B02-9AB7-6C3499ACC1FA}.Debug|Any CPU.ActiveCfg = Debug|Any CPU
		{8CE89060-5D2F-4B02-9AB7-6C3499ACC1FA}.Debug|Any CPU.Build.0 = Debug|Any CPU
		{8CE89060-5D2F-4B02-9AB7-6C3499ACC1FA}.Release|Any CPU.ActiveCfg = Release|Any CPU
		{8CE89060-5D2F-4B02-9AB7-6C3499ACC1FA}.Release|Any CPU.Build.0 = Release|Any CPU
		{1A9E286E-7718-40AF-B342-B80E5891D4C7}.Debug|Any CPU.ActiveCfg = Debug|Any CPU
		{1A9E286E-7718-40AF-B342-B80E5891D4C7}.Debug|Any CPU.Build.0 = Debug|Any CPU
		{1A9E286E-7718-40AF-B342-B80E5891D4C7}.Release|Any CPU.ActiveCfg = Release|Any CPU
		{1A9E286E-7718-40AF-B342-B80E5891D4C7}.Release|Any CPU.Build.0 = Release|Any CPU
		{79672B1E-E683-4722-AB44-F5584EF75D85}.Debug|Any CPU.ActiveCfg = Debug|Any CPU
		{79672B1E-E683-4722-AB44-F5584EF75D85}.Debug|Any CPU.Build.0 = Debug|Any CPU
		{79672B1E-E683-4722-AB44-F5584EF75D85}.Release|Any CPU.ActiveCfg = Release|Any CPU
		{79672B1E-E683-4722-AB44-F5584EF75D85}.Release|Any CPU.Build.0 = Release|Any CPU
		{3EB0D959-CE40-48D4-AD9A-8BFE93746F8E}.Debug|Any CPU.ActiveCfg = Debug|Any CPU
		{3EB0D959-CE40-48D4-AD9A-8BFE93746F8E}.Debug|Any CPU.Build.0 = Debug|Any CPU
		{3EB0D959-CE40-48D4-AD9A-8BFE93746F8E}.Release|Any CPU.ActiveCfg = Release|Any CPU
		{3EB0D959-CE40-48D4-AD9A-8BFE93746F8E}.Release|Any CPU.Build.0 = Release|Any CPU
		{78E70F02-3EB5-440B-A09D-2213086571AD}.Debug|Any CPU.ActiveCfg = Debug|Any CPU
		{78E70F02-3EB5-440B-A09D-2213086571AD}.Debug|Any CPU.Build.0 = Debug|Any CPU
		{78E70F02-3EB5-440B-A09D-2213086571AD}.Release|Any CPU.ActiveCfg = Release|Any CPU
		{78E70F02-3EB5-440B-A09D-2213086571AD}.Release|Any CPU.Build.0 = Release|Any CPU
		{8F149C25-3AA9-4DE1-8B6B-14D497DD4B0C}.Debug|Any CPU.ActiveCfg = Debug|Any CPU
		{8F149C25-3AA9-4DE1-8B6B-14D497DD4B0C}.Debug|Any CPU.Build.0 = Debug|Any CPU
		{8F149C25-3AA9-4DE1-8B6B-14D497DD4B0C}.Release|Any CPU.ActiveCfg = Release|Any CPU
		{8F149C25-3AA9-4DE1-8B6B-14D497DD4B0C}.Release|Any CPU.Build.0 = Release|Any CPU
		{498CC4EA-7DC4-4673-BEA5-25DCF20E1DF2}.Debug|Any CPU.ActiveCfg = Debug|Any CPU
		{498CC4EA-7DC4-4673-BEA5-25DCF20E1DF2}.Debug|Any CPU.Build.0 = Debug|Any CPU
		{498CC4EA-7DC4-4673-BEA5-25DCF20E1DF2}.Release|Any CPU.ActiveCfg = Release|Any CPU
		{498CC4EA-7DC4-4673-BEA5-25DCF20E1DF2}.Release|Any CPU.Build.0 = Release|Any CPU
		{E40AB2DC-D77C-4662-A1A3-5711FC586B78}.Debug|Any CPU.ActiveCfg = Debug|Any CPU
		{E40AB2DC-D77C-4662-A1A3-5711FC586B78}.Debug|Any CPU.Build.0 = Debug|Any CPU
		{E40AB2DC-D77C-4662-A1A3-5711FC586B78}.Release|Any CPU.ActiveCfg = Release|Any CPU
		{E40AB2DC-D77C-4662-A1A3-5711FC586B78}.Release|Any CPU.Build.0 = Release|Any CPU
		{B193B687-A192-49D7-B195-BAE98E8EC87B}.Debug|Any CPU.ActiveCfg = Debug|Any CPU
		{B193B687-A192-49D7-B195-BAE98E8EC87B}.Debug|Any CPU.Build.0 = Debug|Any CPU
		{B193B687-A192-49D7-B195-BAE98E8EC87B}.Release|Any CPU.ActiveCfg = Release|Any CPU
		{B193B687-A192-49D7-B195-BAE98E8EC87B}.Release|Any CPU.Build.0 = Release|Any CPU
		{59CC8DCE-62EC-49B2-B071-822A4E1BE828}.Debug|Any CPU.ActiveCfg = Debug|Any CPU
		{59CC8DCE-62EC-49B2-B071-822A4E1BE828}.Debug|Any CPU.Build.0 = Debug|Any CPU
		{59CC8DCE-62EC-49B2-B071-822A4E1BE828}.Release|Any CPU.ActiveCfg = Release|Any CPU
		{59CC8DCE-62EC-49B2-B071-822A4E1BE828}.Release|Any CPU.Build.0 = Release|Any CPU
		{322A6FBD-0D73-4BC3-9403-A7CC15E3F6AB}.Debug|Any CPU.ActiveCfg = Debug|Any CPU
		{322A6FBD-0D73-4BC3-9403-A7CC15E3F6AB}.Debug|Any CPU.Build.0 = Debug|Any CPU
		{322A6FBD-0D73-4BC3-9403-A7CC15E3F6AB}.Release|Any CPU.ActiveCfg = Release|Any CPU
		{322A6FBD-0D73-4BC3-9403-A7CC15E3F6AB}.Release|Any CPU.Build.0 = Release|Any CPU
		{75245BF8-F7E5-404D-9C9B-FD848BE0FFEF}.Debug|Any CPU.ActiveCfg = Debug|Any CPU
		{75245BF8-F7E5-404D-9C9B-FD848BE0FFEF}.Debug|Any CPU.Build.0 = Debug|Any CPU
		{75245BF8-F7E5-404D-9C9B-FD848BE0FFEF}.Release|Any CPU.ActiveCfg = Release|Any CPU
		{75245BF8-F7E5-404D-9C9B-FD848BE0FFEF}.Release|Any CPU.Build.0 = Release|Any CPU
		{EF78E52A-04D4-4FA1-815D-EB9CDE345C0D}.Debug|Any CPU.ActiveCfg = Debug|Any CPU
		{EF78E52A-04D4-4FA1-815D-EB9CDE345C0D}.Debug|Any CPU.Build.0 = Debug|Any CPU
		{EF78E52A-04D4-4FA1-815D-EB9CDE345C0D}.Release|Any CPU.ActiveCfg = Release|Any CPU
		{EF78E52A-04D4-4FA1-815D-EB9CDE345C0D}.Release|Any CPU.Build.0 = Release|Any CPU
		{886EBA2D-5B12-4EAA-8C25-F3882B3C2BE4}.Debug|Any CPU.ActiveCfg = Debug|Any CPU
		{886EBA2D-5B12-4EAA-8C25-F3882B3C2BE4}.Debug|Any CPU.Build.0 = Debug|Any CPU
		{886EBA2D-5B12-4EAA-8C25-F3882B3C2BE4}.Release|Any CPU.ActiveCfg = Release|Any CPU
		{886EBA2D-5B12-4EAA-8C25-F3882B3C2BE4}.Release|Any CPU.Build.0 = Release|Any CPU
		{176F3CB4-16EC-4A83-B2F4-75F95F775F24}.Debug|Any CPU.ActiveCfg = Debug|Any CPU
		{176F3CB4-16EC-4A83-B2F4-75F95F775F24}.Debug|Any CPU.Build.0 = Debug|Any CPU
		{176F3CB4-16EC-4A83-B2F4-75F95F775F24}.Release|Any CPU.ActiveCfg = Release|Any CPU
		{176F3CB4-16EC-4A83-B2F4-75F95F775F24}.Release|Any CPU.Build.0 = Release|Any CPU
		{6C84874C-9BAD-409B-AD9D-AE5BB3B0E9F2}.Debug|Any CPU.ActiveCfg = Debug|Any CPU
		{6C84874C-9BAD-409B-AD9D-AE5BB3B0E9F2}.Debug|Any CPU.Build.0 = Debug|Any CPU
		{6C84874C-9BAD-409B-AD9D-AE5BB3B0E9F2}.Release|Any CPU.ActiveCfg = Release|Any CPU
		{6C84874C-9BAD-409B-AD9D-AE5BB3B0E9F2}.Release|Any CPU.Build.0 = Release|Any CPU
		{4514D443-26DE-41DC-97ED-A76C6A67007C}.Debug|Any CPU.ActiveCfg = Debug|Any CPU
		{4514D443-26DE-41DC-97ED-A76C6A67007C}.Debug|Any CPU.Build.0 = Debug|Any CPU
		{4514D443-26DE-41DC-97ED-A76C6A67007C}.Release|Any CPU.ActiveCfg = Release|Any CPU
		{4514D443-26DE-41DC-97ED-A76C6A67007C}.Release|Any CPU.Build.0 = Release|Any CPU
		{E44FE5C4-2B4D-4D85-A478-021603765C4D}.Debug|Any CPU.ActiveCfg = Debug|Any CPU
		{E44FE5C4-2B4D-4D85-A478-021603765C4D}.Debug|Any CPU.Build.0 = Debug|Any CPU
		{E44FE5C4-2B4D-4D85-A478-021603765C4D}.Release|Any CPU.ActiveCfg = Release|Any CPU
		{E44FE5C4-2B4D-4D85-A478-021603765C4D}.Release|Any CPU.Build.0 = Release|Any CPU
		{08D0A7EE-2CB9-423D-B465-EDDA2D5B15BE}.Debug|Any CPU.ActiveCfg = Debug|Any CPU
		{08D0A7EE-2CB9-423D-B465-EDDA2D5B15BE}.Debug|Any CPU.Build.0 = Debug|Any CPU
		{08D0A7EE-2CB9-423D-B465-EDDA2D5B15BE}.Release|Any CPU.ActiveCfg = Release|Any CPU
		{08D0A7EE-2CB9-423D-B465-EDDA2D5B15BE}.Release|Any CPU.Build.0 = Release|Any CPU
		{3A89D9C3-CFAB-427A-8F5D-E1C3FFE57CB3}.Debug|Any CPU.ActiveCfg = Debug|Any CPU
		{3A89D9C3-CFAB-427A-8F5D-E1C3FFE57CB3}.Debug|Any CPU.Build.0 = Debug|Any CPU
		{3A89D9C3-CFAB-427A-8F5D-E1C3FFE57CB3}.Release|Any CPU.ActiveCfg = Release|Any CPU
		{3A89D9C3-CFAB-427A-8F5D-E1C3FFE57CB3}.Release|Any CPU.Build.0 = Release|Any CPU
		{6C7FDAA4-641E-436E-BA43-5575400ECF79}.Debug|Any CPU.ActiveCfg = Debug|Any CPU
		{6C7FDAA4-641E-436E-BA43-5575400ECF79}.Debug|Any CPU.Build.0 = Debug|Any CPU
		{6C7FDAA4-641E-436E-BA43-5575400ECF79}.Release|Any CPU.ActiveCfg = Release|Any CPU
		{6C7FDAA4-641E-436E-BA43-5575400ECF79}.Release|Any CPU.Build.0 = Release|Any CPU
		{38586BFD-8BEF-4CF7-B702-394FF31DA8A0}.Debug|Any CPU.ActiveCfg = Debug|Any CPU
		{38586BFD-8BEF-4CF7-B702-394FF31DA8A0}.Debug|Any CPU.Build.0 = Debug|Any CPU
		{38586BFD-8BEF-4CF7-B702-394FF31DA8A0}.Release|Any CPU.ActiveCfg = Release|Any CPU
		{38586BFD-8BEF-4CF7-B702-394FF31DA8A0}.Release|Any CPU.Build.0 = Release|Any CPU
		{2A352AF1-201D-45DB-95CD-ED99B9FDA78A}.Debug|Any CPU.ActiveCfg = Debug|Any CPU
		{2A352AF1-201D-45DB-95CD-ED99B9FDA78A}.Debug|Any CPU.Build.0 = Debug|Any CPU
		{2A352AF1-201D-45DB-95CD-ED99B9FDA78A}.Release|Any CPU.ActiveCfg = Release|Any CPU
		{2A352AF1-201D-45DB-95CD-ED99B9FDA78A}.Release|Any CPU.Build.0 = Release|Any CPU
		{2EE2BE64-9DB2-4330-8D43-7946234FED58}.Debug|Any CPU.ActiveCfg = Debug|Any CPU
		{2EE2BE64-9DB2-4330-8D43-7946234FED58}.Debug|Any CPU.Build.0 = Debug|Any CPU
		{2EE2BE64-9DB2-4330-8D43-7946234FED58}.Release|Any CPU.ActiveCfg = Release|Any CPU
		{2EE2BE64-9DB2-4330-8D43-7946234FED58}.Release|Any CPU.Build.0 = Release|Any CPU
		{C37CCAC0-C3E2-4844-A1A6-7EECE20F0129}.Debug|Any CPU.ActiveCfg = Debug|Any CPU
		{C37CCAC0-C3E2-4844-A1A6-7EECE20F0129}.Debug|Any CPU.Build.0 = Debug|Any CPU
		{C37CCAC0-C3E2-4844-A1A6-7EECE20F0129}.Release|Any CPU.ActiveCfg = Release|Any CPU
		{C37CCAC0-C3E2-4844-A1A6-7EECE20F0129}.Release|Any CPU.Build.0 = Release|Any CPU
		{744F200B-5DF6-4228-98CC-1B782B344F89}.Debug|Any CPU.ActiveCfg = Debug|Any CPU
		{744F200B-5DF6-4228-98CC-1B782B344F89}.Debug|Any CPU.Build.0 = Debug|Any CPU
		{744F200B-5DF6-4228-98CC-1B782B344F89}.Release|Any CPU.ActiveCfg = Release|Any CPU
		{744F200B-5DF6-4228-98CC-1B782B344F89}.Release|Any CPU.Build.0 = Release|Any CPU
		{EFB891B7-C1C8-4039-A1B6-A2A4669A3CB2}.Debug|Any CPU.ActiveCfg = Debug|Any CPU
		{EFB891B7-C1C8-4039-A1B6-A2A4669A3CB2}.Debug|Any CPU.Build.0 = Debug|Any CPU
		{EFB891B7-C1C8-4039-A1B6-A2A4669A3CB2}.Release|Any CPU.ActiveCfg = Release|Any CPU
		{EFB891B7-C1C8-4039-A1B6-A2A4669A3CB2}.Release|Any CPU.Build.0 = Release|Any CPU
		{AAF29BB1-E4F0-4160-8BB5-6801F5D42BCA}.Debug|Any CPU.ActiveCfg = Debug|Any CPU
		{AAF29BB1-E4F0-4160-8BB5-6801F5D42BCA}.Debug|Any CPU.Build.0 = Debug|Any CPU
		{AAF29BB1-E4F0-4160-8BB5-6801F5D42BCA}.Release|Any CPU.ActiveCfg = Release|Any CPU
		{AAF29BB1-E4F0-4160-8BB5-6801F5D42BCA}.Release|Any CPU.Build.0 = Release|Any CPU
		{E681289C-913F-463B-8C76-8D6B57D2C19B}.Debug|Any CPU.ActiveCfg = Debug|Any CPU
		{E681289C-913F-463B-8C76-8D6B57D2C19B}.Debug|Any CPU.Build.0 = Debug|Any CPU
		{E681289C-913F-463B-8C76-8D6B57D2C19B}.Release|Any CPU.ActiveCfg = Release|Any CPU
		{E681289C-913F-463B-8C76-8D6B57D2C19B}.Release|Any CPU.Build.0 = Release|Any CPU
		{3ED922FD-1700-4FC1-806E-C1F823B06A69}.Debug|Any CPU.ActiveCfg = Debug|Any CPU
		{3ED922FD-1700-4FC1-806E-C1F823B06A69}.Debug|Any CPU.Build.0 = Debug|Any CPU
		{3ED922FD-1700-4FC1-806E-C1F823B06A69}.Release|Any CPU.ActiveCfg = Release|Any CPU
		{3ED922FD-1700-4FC1-806E-C1F823B06A69}.Release|Any CPU.Build.0 = Release|Any CPU
		{261329C1-697F-400A-8097-5B498793B7E3}.Debug|Any CPU.ActiveCfg = Debug|Any CPU
		{261329C1-697F-400A-8097-5B498793B7E3}.Debug|Any CPU.Build.0 = Debug|Any CPU
		{261329C1-697F-400A-8097-5B498793B7E3}.Release|Any CPU.ActiveCfg = Release|Any CPU
		{261329C1-697F-400A-8097-5B498793B7E3}.Release|Any CPU.Build.0 = Release|Any CPU
		{167F52DF-5E91-45B4-B336-47F0C1E0663A}.Debug|Any CPU.ActiveCfg = Debug|Any CPU
		{167F52DF-5E91-45B4-B336-47F0C1E0663A}.Debug|Any CPU.Build.0 = Debug|Any CPU
		{167F52DF-5E91-45B4-B336-47F0C1E0663A}.Release|Any CPU.ActiveCfg = Release|Any CPU
		{167F52DF-5E91-45B4-B336-47F0C1E0663A}.Release|Any CPU.Build.0 = Release|Any CPU
		{6221862E-8510-47FF-9E3A-DEC49928F675}.Debug|Any CPU.ActiveCfg = Debug|Any CPU
		{6221862E-8510-47FF-9E3A-DEC49928F675}.Debug|Any CPU.Build.0 = Debug|Any CPU
		{6221862E-8510-47FF-9E3A-DEC49928F675}.Release|Any CPU.ActiveCfg = Release|Any CPU
		{6221862E-8510-47FF-9E3A-DEC49928F675}.Release|Any CPU.Build.0 = Release|Any CPU
		{C05F28A6-E640-48F9-BD0A-E1571CFFD12F}.Debug|Any CPU.ActiveCfg = Debug|Any CPU
		{C05F28A6-E640-48F9-BD0A-E1571CFFD12F}.Debug|Any CPU.Build.0 = Debug|Any CPU
		{C05F28A6-E640-48F9-BD0A-E1571CFFD12F}.Release|Any CPU.ActiveCfg = Release|Any CPU
		{C05F28A6-E640-48F9-BD0A-E1571CFFD12F}.Release|Any CPU.Build.0 = Release|Any CPU
		{68018B0C-1CA2-4B95-B7E1-8D1E74CCD0D6}.Debug|Any CPU.ActiveCfg = Debug|Any CPU
		{68018B0C-1CA2-4B95-B7E1-8D1E74CCD0D6}.Debug|Any CPU.Build.0 = Debug|Any CPU
		{68018B0C-1CA2-4B95-B7E1-8D1E74CCD0D6}.Release|Any CPU.ActiveCfg = Release|Any CPU
		{68018B0C-1CA2-4B95-B7E1-8D1E74CCD0D6}.Release|Any CPU.Build.0 = Release|Any CPU
		{CB64D50F-372F-48CF-BBB4-FDA7B01092D8}.Debug|Any CPU.ActiveCfg = Debug|Any CPU
		{CB64D50F-372F-48CF-BBB4-FDA7B01092D8}.Debug|Any CPU.Build.0 = Debug|Any CPU
		{CB64D50F-372F-48CF-BBB4-FDA7B01092D8}.Release|Any CPU.ActiveCfg = Release|Any CPU
		{CB64D50F-372F-48CF-BBB4-FDA7B01092D8}.Release|Any CPU.Build.0 = Release|Any CPU
		{510EFFAF-986F-47D9-8E7C-9EEA7D41B379}.Debug|Any CPU.ActiveCfg = Debug|Any CPU
		{510EFFAF-986F-47D9-8E7C-9EEA7D41B379}.Debug|Any CPU.Build.0 = Debug|Any CPU
		{510EFFAF-986F-47D9-8E7C-9EEA7D41B379}.Release|Any CPU.ActiveCfg = Release|Any CPU
		{510EFFAF-986F-47D9-8E7C-9EEA7D41B379}.Release|Any CPU.Build.0 = Release|Any CPU
	EndGlobalSection
	GlobalSection(SolutionProperties) = preSolution
		HideSolutionNode = FALSE
	EndGlobalSection
EndGlobal
